
Microsoft Visual Studio Solution File, Format Version 12.00
# Visual Studio 2013
VisualStudioVersion = 12.0.31101.0
MinimumVisualStudioVersion = 10.0.40219.1
Project("{FAE04EC0-301F-11D3-BF4B-00C04F79EFBC}") = "TDDLab", "TDDLab\TDDLab.csproj", "{4C4E9793-7B41-4399-A0FA-645AEFCE6985}"
EndProject
Project("{FAE04EC0-301F-11D3-BF4B-00C04F79EFBC}") = "TDDTest", "TDDTest\TDDTest.csproj", "{BEED6740-7266-42A3-ABB2-2DE95FBF3D7E}"
EndProject
Project("{2150E333-8FDC-42A3-9474-1A3956D46DE8}") = ".nuget", ".nuget", "{4B49A609-53DD-4F5E-A738-4FB6F1E95EDC}"
	ProjectSection(SolutionItems) = preProject
		.nuget\packages.config = .nuget\packages.config
	EndProjectSection
EndProject
Global
	GlobalSection(SolutionConfigurationPlatforms) = preSolution
		Debug|Any CPU = Debug|Any CPU
		Release|Any CPU = Release|Any CPU
	EndGlobalSection
	GlobalSection(ProjectConfigurationPlatforms) = postSolution
		{4C4E9793-7B41-4399-A0FA-645AEFCE6985}.Debug|Any CPU.ActiveCfg = Debug|Any CPU
		{4C4E9793-7B41-4399-A0FA-645AEFCE6985}.Debug|Any CPU.Build.0 = Debug|Any CPU
		{4C4E9793-7B41-4399-A0FA-645AEFCE6985}.Release|Any CPU.ActiveCfg = Release|Any CPU
		{4C4E9793-7B41-4399-A0FA-645AEFCE6985}.Release|Any CPU.Build.0 = Release|Any CPU
		{BEED6740-7266-42A3-ABB2-2DE95FBF3D7E}.Debug|Any CPU.ActiveCfg = Debug|Any CPU
		{BEED6740-7266-42A3-ABB2-2DE95FBF3D7E}.Debug|Any CPU.Build.0 = Debug|Any CPU
		{BEED6740-7266-42A3-ABB2-2DE95FBF3D7E}.Release|Any CPU.ActiveCfg = Release|Any CPU
		{BEED6740-7266-42A3-ABB2-2DE95FBF3D7E}.Release|Any CPU.Build.0 = Release|Any CPU
	EndGlobalSection
	GlobalSection(SolutionProperties) = preSolution
		HideSolutionNode = FALSE
	EndGlobalSection
EndGlobal
